// !$*UTF8*$!
{
	archiveVersion = 1;
	classes = {
	};
	objectVersion = 46;
	objects = {

/* Begin PBXBuildFile section */
		1C1807A1156975CE00C738C0 /* view.cpp in Sources */ = {isa = PBXBuildFile; fileRef = 1C18079F156975CD00C738C0 /* view.cpp */; };
		1C1810CF156AF6D700C738C0 /* entity.cpp in Sources */ = {isa = PBXBuildFile; fileRef = 1C1810C9156AF6D700C738C0 /* entity.cpp */; };
		1C1810D6156AF9B300C738C0 /* level.cpp in Sources */ = {isa = PBXBuildFile; fileRef = 1C1810D4156AF9AE00C738C0 /* level.cpp */; };
		1C1810DC156AFC6B00C738C0 /* property.cpp in Sources */ = {isa = PBXBuildFile; fileRef = 1C1810D8156AFC6B00C738C0 /* property.cpp */; };
		1C1810DD156AFC6B00C738C0 /* sprite.cpp in Sources */ = {isa = PBXBuildFile; fileRef = 1C1810DA156AFC6B00C738C0 /* sprite.cpp */; };
		1C181234156D922900C738C0 /* selection.cpp in Sources */ = {isa = PBXBuildFile; fileRef = 1C181232156D922900C738C0 /* selection.cpp */; };
		1C181237156D931000C738C0 /* uidHelpers.cpp in Sources */ = {isa = PBXBuildFile; fileRef = 1C181236156D930F00C738C0 /* uidHelpers.cpp */; };
		1C18123C156EB0C000C738C0 /* propertyPanel.cpp in Sources */ = {isa = PBXBuildFile; fileRef = 1C18123A156EB0C000C738C0 /* propertyPanel.cpp */; };
		1C18127F156F993A00C738C0 /* manipulator.cpp in Sources */ = {isa = PBXBuildFile; fileRef = 1C181279156F993900C738C0 /* manipulator.cpp */; };
		1C181280156F993A00C738C0 /* move.cpp in Sources */ = {isa = PBXBuildFile; fileRef = 1C18127B156F993900C738C0 /* move.cpp */; };
		1C181281156F993A00C738C0 /* select.cpp in Sources */ = {isa = PBXBuildFile; fileRef = 1C18127D156F993900C738C0 /* select.cpp */; };
		1C181284156F9EED00C738C0 /* create.cpp in Sources */ = {isa = PBXBuildFile; fileRef = 1C181282156F9EEA00C738C0 /* create.cpp */; };
		1C181289156FD40800C738C0 /* rotate.cpp in Sources */ = {isa = PBXBuildFile; fileRef = 1C181285156FD3EB00C738C0 /* rotate.cpp */; };
		1C18128A156FD40800C738C0 /* scale.cpp in Sources */ = {isa = PBXBuildFile; fileRef = 1C181287156FD3F500C738C0 /* scale.cpp */; };
		1C210F41152CF44F00DEAC92 /* Cocoa.framework in Frameworks */ = {isa = PBXBuildFile; fileRef = 1C210F40152CF44F00DEAC92 /* Cocoa.framework */; };
		1C210F5E152CF60400DEAC92 /* WebKit.framework in Frameworks */ = {isa = PBXBuildFile; fileRef = 1C210F5D152CF60400DEAC92 /* WebKit.framework */; };
		1C25E97415E55B4300833738 /* libpixelboost_osx_x86_64.a in Frameworks */ = {isa = PBXBuildFile; fileRef = 1C25E97315E55B4300833738 /* libpixelboost_osx_x86_64.a */; };
		1C38847E15718E7600E95986 /* createPanel.cpp in Sources */ = {isa = PBXBuildFile; fileRef = 1C38847C15718E7600E95986 /* createPanel.cpp */; };
		1C3F42361558323400396F50 /* record.cpp in Sources */ = {isa = PBXBuildFile; fileRef = 1C3F42301558323400396F50 /* record.cpp */; };
		1C3F42381558323400396F50 /* schema.cpp in Sources */ = {isa = PBXBuildFile; fileRef = 1C3F42341558323400396F50 /* schema.cpp */; };
		1C3F423B1558430B00396F50 /* file.cpp in Sources */ = {isa = PBXBuildFile; fileRef = 1C3F42391558430B00396F50 /* file.cpp */; };
		1C78EE901567ECD2001441AC /* OpenGL.framework in Frameworks */ = {isa = PBXBuildFile; fileRef = 1C78EE8F1567ECD2001441AC /* OpenGL.framework */; };
		1C78EE931567EDDF001441AC /* MainView.mm in Sources */ = {isa = PBXBuildFile; fileRef = 1C78EE921567EDDF001441AC /* MainView.mm */; };
		1C7DD6C315AED7870006A24D /* rotateManipulator.cpp in Sources */ = {isa = PBXBuildFile; fileRef = 1C7DD6C015AED7860006A24D /* rotateManipulator.cpp */; };
		1C8177FE15936C41003A5A9B /* model.cpp in Sources */ = {isa = PBXBuildFile; fileRef = 1C8177FC15936C41003A5A9B /* model.cpp */; };
		1C8BA1A015987BA200981586 /* moveManipulator.cpp in Sources */ = {isa = PBXBuildFile; fileRef = 1C8BA19E15987BA200981586 /* moveManipulator.cpp */; };
		1CAC1E8015881813002D85D1 /* copy.cpp in Sources */ = {isa = PBXBuildFile; fileRef = 1CAC1E7C15881812002D85D1 /* copy.cpp */; };
		1CAC1E8115881813002D85D1 /* paste.cpp in Sources */ = {isa = PBXBuildFile; fileRef = 1CAC1E7E15881812002D85D1 /* paste.cpp */; };
		1CAC1E8515894E41002D85D1 /* modifyDepth.cpp in Sources */ = {isa = PBXBuildFile; fileRef = 1CAC1E8315894E3D002D85D1 /* modifyDepth.cpp */; };
		1CAC1E88158966A4002D85D1 /* checkDepth.cpp in Sources */ = {isa = PBXBuildFile; fileRef = 1CAC1E861589669C002D85D1 /* checkDepth.cpp */; };
		1CD03697157447C1003F9B92 /* networkWindow.cpp in Sources */ = {isa = PBXBuildFile; fileRef = 1CD03695157447C1003F9B92 /* networkWindow.cpp */; };
		1CEB6C4E1540953100E8D103 /* AppDelegate.mm in Sources */ = {isa = PBXBuildFile; fileRef = 1CEB6C441540953100E8D103 /* AppDelegate.mm */; };
		1CEB6C501540953100E8D103 /* Credits.rtf in Resources */ = {isa = PBXBuildFile; fileRef = 1CEB6C471540953100E8D103 /* Credits.rtf */; };
		1CEB6C511540953100E8D103 /* InfoPlist.strings in Resources */ = {isa = PBXBuildFile; fileRef = 1CEB6C491540953100E8D103 /* InfoPlist.strings */; };
		1CEB6C521540953100E8D103 /* MainMenu.xib in Resources */ = {isa = PBXBuildFile; fileRef = 1CEB6C4B1540953100E8D103 /* MainMenu.xib */; };
		1CEB6C531540953100E8D103 /* main.m in Sources */ = {isa = PBXBuildFile; fileRef = 1CEB6C4D1540953100E8D103 /* main.m */; };
		1CEB6DDA1540A53000E8D103 /* base.cpp in Sources */ = {isa = PBXBuildFile; fileRef = 1CEB6DAC1540A53000E8D103 /* base.cpp */; };
		1CEB6DDB1540A53000E8D103 /* manager.cpp in Sources */ = {isa = PBXBuildFile; fileRef = 1CEB6DAE1540A53000E8D103 /* manager.cpp */; };
		1CEB6DDC1540A53000E8D103 /* register.cpp in Sources */ = {isa = PBXBuildFile; fileRef = 1CEB6DB01540A53000E8D103 /* register.cpp */; };
		1CEB6DDD1540A53000E8D103 /* close.cpp in Sources */ = {isa = PBXBuildFile; fileRef = 1CEB6DB31540A53000E8D103 /* close.cpp */; };
		1CEB6DDE1540A53000E8D103 /* createEntity.cpp in Sources */ = {isa = PBXBuildFile; fileRef = 1CEB6DB41540A53000E8D103 /* createEntity.cpp */; };
		1CEB6DDF1540A53000E8D103 /* deleteCommand.cpp in Sources */ = {isa = PBXBuildFile; fileRef = 1CEB6DB61540A53000E8D103 /* deleteCommand.cpp */; };
		1CEB6DE01540A53000E8D103 /* export.cpp in Sources */ = {isa = PBXBuildFile; fileRef = 1CEB6DB81540A53000E8D103 /* export.cpp */; };
		1CEB6DE11540A53000E8D103 /* open.cpp in Sources */ = {isa = PBXBuildFile; fileRef = 1CEB6DBA1540A53000E8D103 /* open.cpp */; };
		1CEB6DE21540A53000E8D103 /* save.cpp in Sources */ = {isa = PBXBuildFile; fileRef = 1CEB6DBB1540A53000E8D103 /* save.cpp */; };
		1CEB6DE31540A53000E8D103 /* selectCommand.cpp in Sources */ = {isa = PBXBuildFile; fileRef = 1CEB6DBC1540A53000E8D103 /* selectCommand.cpp */; };
		1CEB6DE41540A53000E8D103 /* transformCommand.cpp in Sources */ = {isa = PBXBuildFile; fileRef = 1CEB6DBE1540A53000E8D103 /* transformCommand.cpp */; };
		1CEB6DE51540A53000E8D103 /* core.cpp in Sources */ = {isa = PBXBuildFile; fileRef = 1CEB6DC01540A53000E8D103 /* core.cpp */; };
		1CEB6DE71540A53000E8D103 /* entity.cpp in Sources */ = {isa = PBXBuildFile; fileRef = 1CEB6DC81540A53000E8D103 /* entity.cpp */; };
		1CEB6DE91540A53000E8D103 /* project.cpp in Sources */ = {isa = PBXBuildFile; fileRef = 1CEB6DCC1540A53000E8D103 /* project.cpp */; };
		1CEB6DEA1540A53000E8D103 /* property.cpp in Sources */ = {isa = PBXBuildFile; fileRef = 1CEB6DCE1540A53000E8D103 /* property.cpp */; };
		1CEB6DEB1540A53000E8D103 /* record.cpp in Sources */ = {isa = PBXBuildFile; fileRef = 1CEB6DD01540A53000E8D103 /* record.cpp */; };
		1CEB6DEC1540A53000E8D103 /* schema.cpp in Sources */ = {isa = PBXBuildFile; fileRef = 1CEB6DD21540A53000E8D103 /* schema.cpp */; };
		1CEB6DED1540A53000E8D103 /* schemaParser.cpp in Sources */ = {isa = PBXBuildFile; fileRef = 1CEB6DD41540A53000E8D103 /* schemaParser.cpp */; };
		1CEB6DEE1540A53000E8D103 /* struct.cpp in Sources */ = {isa = PBXBuildFile; fileRef = 1CEB6DD61540A53000E8D103 /* struct.cpp */; };
		1CEB6DF31540AA0500E8D103 /* httpInterface.cpp in Sources */ = {isa = PBXBuildFile; fileRef = 1CEB6DF11540AA0500E8D103 /* httpInterface.cpp */; };
		1CEB6DF51540AE2200E8D103 /* data in Resources */ = {isa = PBXBuildFile; fileRef = 1CEB6DF41540AE1D00E8D103 /* data */; };
		1CF9899F15C7AFD3000746F8 /* createRecord.cpp in Sources */ = {isa = PBXBuildFile; fileRef = 1CF9899D15C7AFD3000746F8 /* createRecord.cpp */; };
/* End PBXBuildFile section */

/* Begin PBXContainerItemProxy section */
		1C25E84C15E5564B00833738 /* PBXContainerItemProxy */ = {
			isa = PBXContainerItemProxy;
			containerPortal = 1C25E84715E5564A00833738 /* pixelboost.xcodeproj */;
			proxyType = 2;
			remoteGlobalIDString = 1C897C5F15DEA3D600AB3196;
			remoteInfo = pixelboost_ios;
		};
		1C25E84E15E5564B00833738 /* PBXContainerItemProxy */ = {
			isa = PBXContainerItemProxy;
			containerPortal = 1C25E84715E5564A00833738 /* pixelboost.xcodeproj */;
			proxyType = 2;
			remoteGlobalIDString = 1C897D8615DEA3E500AB3196;
			remoteInfo = pixelboost_osx;
		};
		1C25E97215E55B4300833738 /* PBXContainerItemProxy */ = {
			isa = PBXContainerItemProxy;
			containerPortal = 1C25E84715E5564A00833738 /* pixelboost.xcodeproj */;
			proxyType = 2;
			remoteGlobalIDString = 1C25E97015E55AEF00833738;
			remoteInfo = pixelboost_osx_x86_64;
		};
/* End PBXContainerItemProxy section */

/* Begin PBXFileReference section */
		1C18079F156975CD00C738C0 /* view.cpp */ = {isa = PBXFileReference; fileEncoding = 4; lastKnownFileType = sourcecode.cpp.cpp; path = view.cpp; sourceTree = "<group>"; };
		1C1807A0156975CD00C738C0 /* view.h */ = {isa = PBXFileReference; fileEncoding = 4; lastKnownFileType = sourcecode.c.h; path = view.h; sourceTree = "<group>"; };
		1C1810C9156AF6D700C738C0 /* entity.cpp */ = {isa = PBXFileReference; fileEncoding = 4; lastKnownFileType = sourcecode.cpp.cpp; path = entity.cpp; sourceTree = "<group>"; };
		1C1810CA156AF6D700C738C0 /* entity.h */ = {isa = PBXFileReference; fileEncoding = 4; lastKnownFileType = sourcecode.c.h; path = entity.h; sourceTree = "<group>"; };
		1C1810D4156AF9AE00C738C0 /* level.cpp */ = {isa = PBXFileReference; fileEncoding = 4; lastKnownFileType = sourcecode.cpp.cpp; path = level.cpp; sourceTree = "<group>"; };
		1C1810D5156AF9AF00C738C0 /* level.h */ = {isa = PBXFileReference; fileEncoding = 4; lastKnownFileType = sourcecode.c.h; path = level.h; sourceTree = "<group>"; };
		1C1810D8156AFC6B00C738C0 /* property.cpp */ = {isa = PBXFileReference; fileEncoding = 4; lastKnownFileType = sourcecode.cpp.cpp; path = property.cpp; sourceTree = "<group>"; };
		1C1810D9156AFC6B00C738C0 /* property.h */ = {isa = PBXFileReference; fileEncoding = 4; lastKnownFileType = sourcecode.c.h; path = property.h; sourceTree = "<group>"; };
		1C1810DA156AFC6B00C738C0 /* sprite.cpp */ = {isa = PBXFileReference; fileEncoding = 4; lastKnownFileType = sourcecode.cpp.cpp; path = sprite.cpp; sourceTree = "<group>"; };
		1C1810DB156AFC6B00C738C0 /* sprite.h */ = {isa = PBXFileReference; fileEncoding = 4; lastKnownFileType = sourcecode.c.h; path = sprite.h; sourceTree = "<group>"; };
		1C181232156D922900C738C0 /* selection.cpp */ = {isa = PBXFileReference; fileEncoding = 4; lastKnownFileType = sourcecode.cpp.cpp; path = selection.cpp; sourceTree = "<group>"; };
		1C181233156D922900C738C0 /* selection.h */ = {isa = PBXFileReference; fileEncoding = 4; lastKnownFileType = sourcecode.c.h; path = selection.h; sourceTree = "<group>"; };
		1C181235156D923C00C738C0 /* uidHelpers.h */ = {isa = PBXFileReference; fileEncoding = 4; lastKnownFileType = sourcecode.c.h; path = uidHelpers.h; sourceTree = "<group>"; };
		1C181236156D930F00C738C0 /* uidHelpers.cpp */ = {isa = PBXFileReference; fileEncoding = 4; lastKnownFileType = sourcecode.cpp.cpp; path = uidHelpers.cpp; sourceTree = "<group>"; };
		1C18123A156EB0C000C738C0 /* propertyPanel.cpp */ = {isa = PBXFileReference; fileEncoding = 4; lastKnownFileType = sourcecode.cpp.cpp; path = propertyPanel.cpp; sourceTree = "<group>"; };
		1C18123B156EB0C000C738C0 /* propertyPanel.h */ = {isa = PBXFileReference; fileEncoding = 4; lastKnownFileType = sourcecode.c.h; path = propertyPanel.h; sourceTree = "<group>"; };
		1C181279156F993900C738C0 /* manipulator.cpp */ = {isa = PBXFileReference; fileEncoding = 4; lastKnownFileType = sourcecode.cpp.cpp; path = manipulator.cpp; sourceTree = "<group>"; };
		1C18127A156F993900C738C0 /* manipulator.h */ = {isa = PBXFileReference; fileEncoding = 4; lastKnownFileType = sourcecode.c.h; path = manipulator.h; sourceTree = "<group>"; };
		1C18127B156F993900C738C0 /* move.cpp */ = {isa = PBXFileReference; fileEncoding = 4; lastKnownFileType = sourcecode.cpp.cpp; path = move.cpp; sourceTree = "<group>"; };
		1C18127C156F993900C738C0 /* move.h */ = {isa = PBXFileReference; fileEncoding = 4; lastKnownFileType = sourcecode.c.h; path = move.h; sourceTree = "<group>"; };
		1C18127D156F993900C738C0 /* select.cpp */ = {isa = PBXFileReference; fileEncoding = 4; lastKnownFileType = sourcecode.cpp.cpp; path = select.cpp; sourceTree = "<group>"; };
		1C18127E156F993900C738C0 /* select.h */ = {isa = PBXFileReference; fileEncoding = 4; lastKnownFileType = sourcecode.c.h; path = select.h; sourceTree = "<group>"; };
		1C181282156F9EEA00C738C0 /* create.cpp */ = {isa = PBXFileReference; fileEncoding = 4; lastKnownFileType = sourcecode.cpp.cpp; path = create.cpp; sourceTree = "<group>"; };
		1C181283156F9EEB00C738C0 /* create.h */ = {isa = PBXFileReference; fileEncoding = 4; lastKnownFileType = sourcecode.c.h; path = create.h; sourceTree = "<group>"; };
		1C181285156FD3EB00C738C0 /* rotate.cpp */ = {isa = PBXFileReference; fileEncoding = 4; lastKnownFileType = sourcecode.cpp.cpp; path = rotate.cpp; sourceTree = "<group>"; };
		1C181286156FD3EF00C738C0 /* rotate.h */ = {isa = PBXFileReference; fileEncoding = 4; lastKnownFileType = sourcecode.c.h; path = rotate.h; sourceTree = "<group>"; };
		1C181287156FD3F500C738C0 /* scale.cpp */ = {isa = PBXFileReference; fileEncoding = 4; lastKnownFileType = sourcecode.cpp.cpp; path = scale.cpp; sourceTree = "<group>"; };
		1C181288156FD3FD00C738C0 /* scale.h */ = {isa = PBXFileReference; fileEncoding = 4; lastKnownFileType = sourcecode.c.h; path = scale.h; sourceTree = "<group>"; };
		1C210F3C152CF44F00DEAC92 /* editor.app */ = {isa = PBXFileReference; explicitFileType = wrapper.application; includeInIndex = 0; path = editor.app; sourceTree = BUILT_PRODUCTS_DIR; };
		1C210F40152CF44F00DEAC92 /* Cocoa.framework */ = {isa = PBXFileReference; lastKnownFileType = wrapper.framework; name = Cocoa.framework; path = System/Library/Frameworks/Cocoa.framework; sourceTree = SDKROOT; };
		1C210F43152CF44F00DEAC92 /* AppKit.framework */ = {isa = PBXFileReference; lastKnownFileType = wrapper.framework; name = AppKit.framework; path = System/Library/Frameworks/AppKit.framework; sourceTree = SDKROOT; };
		1C210F44152CF44F00DEAC92 /* CoreData.framework */ = {isa = PBXFileReference; lastKnownFileType = wrapper.framework; name = CoreData.framework; path = System/Library/Frameworks/CoreData.framework; sourceTree = SDKROOT; };
		1C210F45152CF44F00DEAC92 /* Foundation.framework */ = {isa = PBXFileReference; lastKnownFileType = wrapper.framework; name = Foundation.framework; path = System/Library/Frameworks/Foundation.framework; sourceTree = SDKROOT; };
		1C210F5D152CF60400DEAC92 /* WebKit.framework */ = {isa = PBXFileReference; lastKnownFileType = wrapper.framework; name = WebKit.framework; path = System/Library/Frameworks/WebKit.framework; sourceTree = SDKROOT; };
		1C25E84715E5564A00833738 /* pixelboost.xcodeproj */ = {isa = PBXFileReference; lastKnownFileType = "wrapper.pb-project"; name = pixelboost.xcodeproj; path = ../../../engine/osx_ios/pixelboost.xcodeproj; sourceTree = "<group>"; };
		1C38847C15718E7600E95986 /* createPanel.cpp */ = {isa = PBXFileReference; fileEncoding = 4; lastKnownFileType = sourcecode.cpp.cpp; name = createPanel.cpp; path = create/createPanel.cpp; sourceTree = "<group>"; };
		1C38847D15718E7600E95986 /* createPanel.h */ = {isa = PBXFileReference; fileEncoding = 4; lastKnownFileType = sourcecode.c.h; name = createPanel.h; path = create/createPanel.h; sourceTree = "<group>"; };
		1C3F42301558323400396F50 /* record.cpp */ = {isa = PBXFileReference; fileEncoding = 4; lastKnownFileType = sourcecode.cpp.cpp; name = record.cpp; path = http/commands/record.cpp; sourceTree = "<group>"; };
		1C3F42311558323400396F50 /* record.h */ = {isa = PBXFileReference; fileEncoding = 4; lastKnownFileType = sourcecode.c.h; name = record.h; path = http/commands/record.h; sourceTree = "<group>"; };
		1C3F42341558323400396F50 /* schema.cpp */ = {isa = PBXFileReference; fileEncoding = 4; lastKnownFileType = sourcecode.cpp.cpp; name = schema.cpp; path = http/commands/schema.cpp; sourceTree = "<group>"; };
		1C3F42351558323400396F50 /* schema.h */ = {isa = PBXFileReference; fileEncoding = 4; lastKnownFileType = sourcecode.c.h; name = schema.h; path = http/commands/schema.h; sourceTree = "<group>"; };
		1C3F42391558430B00396F50 /* file.cpp */ = {isa = PBXFileReference; fileEncoding = 4; lastKnownFileType = sourcecode.cpp.cpp; name = file.cpp; path = http/commands/file.cpp; sourceTree = "<group>"; };
		1C3F423A1558430B00396F50 /* file.h */ = {isa = PBXFileReference; fileEncoding = 4; lastKnownFileType = sourcecode.c.h; name = file.h; path = http/commands/file.h; sourceTree = "<group>"; };
		1C78EE8F1567ECD2001441AC /* OpenGL.framework */ = {isa = PBXFileReference; lastKnownFileType = wrapper.framework; name = OpenGL.framework; path = System/Library/Frameworks/OpenGL.framework; sourceTree = SDKROOT; };
		1C78EE911567EDDF001441AC /* MainView.h */ = {isa = PBXFileReference; fileEncoding = 4; lastKnownFileType = sourcecode.c.h; path = MainView.h; sourceTree = "<group>"; };
		1C78EE921567EDDF001441AC /* MainView.mm */ = {isa = PBXFileReference; fileEncoding = 4; lastKnownFileType = sourcecode.cpp.objcpp; path = MainView.mm; sourceTree = "<group>"; };
		1C7DD6C015AED7860006A24D /* rotateManipulator.cpp */ = {isa = PBXFileReference; fileEncoding = 4; lastKnownFileType = sourcecode.cpp.cpp; path = rotateManipulator.cpp; sourceTree = "<group>"; };
		1C7DD6C115AED7860006A24D /* rotateManipulator.h */ = {isa = PBXFileReference; fileEncoding = 4; lastKnownFileType = sourcecode.c.h; path = rotateManipulator.h; sourceTree = "<group>"; };
		1C8177FC15936C41003A5A9B /* model.cpp */ = {isa = PBXFileReference; fileEncoding = 4; lastKnownFileType = sourcecode.cpp.cpp; path = model.cpp; sourceTree = "<group>"; };
		1C8177FD15936C41003A5A9B /* model.h */ = {isa = PBXFileReference; fileEncoding = 4; lastKnownFileType = sourcecode.c.h; path = model.h; sourceTree = "<group>"; };
		1C8BA19E15987BA200981586 /* moveManipulator.cpp */ = {isa = PBXFileReference; fileEncoding = 4; lastKnownFileType = sourcecode.cpp.cpp; path = moveManipulator.cpp; sourceTree = "<group>"; };
		1C8BA19F15987BA200981586 /* moveManipulator.h */ = {isa = PBXFileReference; fileEncoding = 4; lastKnownFileType = sourcecode.c.h; path = moveManipulator.h; sourceTree = "<group>"; };
		1CAC1E7C15881812002D85D1 /* copy.cpp */ = {isa = PBXFileReference; fileEncoding = 4; lastKnownFileType = sourcecode.cpp.cpp; path = copy.cpp; sourceTree = "<group>"; };
		1CAC1E7D15881812002D85D1 /* copy.h */ = {isa = PBXFileReference; fileEncoding = 4; lastKnownFileType = sourcecode.c.h; path = copy.h; sourceTree = "<group>"; };
		1CAC1E7E15881812002D85D1 /* paste.cpp */ = {isa = PBXFileReference; fileEncoding = 4; lastKnownFileType = sourcecode.cpp.cpp; path = paste.cpp; sourceTree = "<group>"; };
		1CAC1E7F15881813002D85D1 /* paste.h */ = {isa = PBXFileReference; fileEncoding = 4; lastKnownFileType = sourcecode.c.h; path = paste.h; sourceTree = "<group>"; };
		1CAC1E8315894E3D002D85D1 /* modifyDepth.cpp */ = {isa = PBXFileReference; fileEncoding = 4; lastKnownFileType = sourcecode.cpp.cpp; path = modifyDepth.cpp; sourceTree = "<group>"; };
		1CAC1E8415894E3F002D85D1 /* modifyDepth.h */ = {isa = PBXFileReference; fileEncoding = 4; lastKnownFileType = sourcecode.c.h; path = modifyDepth.h; sourceTree = "<group>"; };
		1CAC1E861589669C002D85D1 /* checkDepth.cpp */ = {isa = PBXFileReference; fileEncoding = 4; lastKnownFileType = sourcecode.cpp.cpp; path = checkDepth.cpp; sourceTree = "<group>"; };
		1CAC1E871589669F002D85D1 /* checkDepth.h */ = {isa = PBXFileReference; fileEncoding = 4; lastKnownFileType = sourcecode.c.h; path = checkDepth.h; sourceTree = "<group>"; };
		1CD03695157447C1003F9B92 /* networkWindow.cpp */ = {isa = PBXFileReference; fileEncoding = 4; lastKnownFileType = sourcecode.cpp.cpp; path = networkWindow.cpp; sourceTree = "<group>"; };
		1CD03696157447C1003F9B92 /* networkWindow.h */ = {isa = PBXFileReference; fileEncoding = 4; lastKnownFileType = sourcecode.c.h; path = networkWindow.h; sourceTree = "<group>"; };
		1CEB6C431540953100E8D103 /* AppDelegate.h */ = {isa = PBXFileReference; fileEncoding = 4; lastKnownFileType = sourcecode.c.h; path = AppDelegate.h; sourceTree = "<group>"; };
		1CEB6C441540953100E8D103 /* AppDelegate.mm */ = {isa = PBXFileReference; fileEncoding = 4; lastKnownFileType = sourcecode.cpp.objcpp; path = AppDelegate.mm; sourceTree = "<group>"; };
		1CEB6C451540953100E8D103 /* editor-Info.plist */ = {isa = PBXFileReference; fileEncoding = 4; lastKnownFileType = text.plist.xml; path = "editor-Info.plist"; sourceTree = "<group>"; };
		1CEB6C461540953100E8D103 /* editor-Prefix.pch */ = {isa = PBXFileReference; fileEncoding = 4; lastKnownFileType = sourcecode.c.h; path = "editor-Prefix.pch"; sourceTree = "<group>"; };
		1CEB6C481540953100E8D103 /* en */ = {isa = PBXFileReference; lastKnownFileType = text.rtf; name = en; path = en.lproj/Credits.rtf; sourceTree = "<group>"; };
		1CEB6C4A1540953100E8D103 /* en */ = {isa = PBXFileReference; lastKnownFileType = text.plist.strings; name = en; path = en.lproj/InfoPlist.strings; sourceTree = "<group>"; };
		1CEB6C4C1540953100E8D103 /* en */ = {isa = PBXFileReference; lastKnownFileType = file.xib; name = en; path = en.lproj/MainMenu.xib; sourceTree = "<group>"; };
		1CEB6C4D1540953100E8D103 /* main.m */ = {isa = PBXFileReference; fileEncoding = 4; lastKnownFileType = sourcecode.c.objc; path = main.m; sourceTree = "<group>"; };
		1CEB6DAC1540A53000E8D103 /* base.cpp */ = {isa = PBXFileReference; fileEncoding = 4; lastKnownFileType = sourcecode.cpp.cpp; lineEnding = 0; path = base.cpp; sourceTree = "<group>"; xcLanguageSpecificationIdentifier = xcode.lang.cpp; };
		1CEB6DAD1540A53000E8D103 /* base.h */ = {isa = PBXFileReference; fileEncoding = 4; lastKnownFileType = sourcecode.c.h; path = base.h; sourceTree = "<group>"; };
		1CEB6DAE1540A53000E8D103 /* manager.cpp */ = {isa = PBXFileReference; fileEncoding = 4; lastKnownFileType = sourcecode.cpp.cpp; path = manager.cpp; sourceTree = "<group>"; };
		1CEB6DAF1540A53000E8D103 /* manager.h */ = {isa = PBXFileReference; fileEncoding = 4; lastKnownFileType = sourcecode.c.h; path = manager.h; sourceTree = "<group>"; };
		1CEB6DB01540A53000E8D103 /* register.cpp */ = {isa = PBXFileReference; fileEncoding = 4; lastKnownFileType = sourcecode.cpp.cpp; path = register.cpp; sourceTree = "<group>"; };
		1CEB6DB31540A53000E8D103 /* close.cpp */ = {isa = PBXFileReference; fileEncoding = 4; lastKnownFileType = sourcecode.cpp.cpp; lineEnding = 0; path = close.cpp; sourceTree = "<group>"; xcLanguageSpecificationIdentifier = xcode.lang.cpp; };
		1CEB6DB41540A53000E8D103 /* createEntity.cpp */ = {isa = PBXFileReference; fileEncoding = 4; lastKnownFileType = sourcecode.cpp.cpp; lineEnding = 0; path = createEntity.cpp; sourceTree = "<group>"; xcLanguageSpecificationIdentifier = xcode.lang.cpp; };
		1CEB6DB51540A53000E8D103 /* createEntity.h */ = {isa = PBXFileReference; fileEncoding = 4; lastKnownFileType = sourcecode.c.h; lineEnding = 0; path = createEntity.h; sourceTree = "<group>"; xcLanguageSpecificationIdentifier = xcode.lang.objcpp; };
		1CEB6DB61540A53000E8D103 /* deleteCommand.cpp */ = {isa = PBXFileReference; fileEncoding = 4; lastKnownFileType = sourcecode.cpp.cpp; path = deleteCommand.cpp; sourceTree = "<group>"; };
		1CEB6DB71540A53000E8D103 /* deleteCommand.h */ = {isa = PBXFileReference; fileEncoding = 4; lastKnownFileType = sourcecode.c.h; path = deleteCommand.h; sourceTree = "<group>"; };
		1CEB6DB81540A53000E8D103 /* export.cpp */ = {isa = PBXFileReference; fileEncoding = 4; lastKnownFileType = sourcecode.cpp.cpp; path = export.cpp; sourceTree = "<group>"; };
		1CEB6DB91540A53000E8D103 /* file.h */ = {isa = PBXFileReference; fileEncoding = 4; lastKnownFileType = sourcecode.c.h; path = file.h; sourceTree = "<group>"; };
		1CEB6DBA1540A53000E8D103 /* open.cpp */ = {isa = PBXFileReference; fileEncoding = 4; lastKnownFileType = sourcecode.cpp.cpp; path = open.cpp; sourceTree = "<group>"; };
		1CEB6DBB1540A53000E8D103 /* save.cpp */ = {isa = PBXFileReference; fileEncoding = 4; lastKnownFileType = sourcecode.cpp.cpp; path = save.cpp; sourceTree = "<group>"; };
		1CEB6DBC1540A53000E8D103 /* selectCommand.cpp */ = {isa = PBXFileReference; fileEncoding = 4; lastKnownFileType = sourcecode.cpp.cpp; path = selectCommand.cpp; sourceTree = "<group>"; };
		1CEB6DBD1540A53000E8D103 /* selectCommand.h */ = {isa = PBXFileReference; fileEncoding = 4; lastKnownFileType = sourcecode.c.h; path = selectCommand.h; sourceTree = "<group>"; };
		1CEB6DBE1540A53000E8D103 /* transformCommand.cpp */ = {isa = PBXFileReference; fileEncoding = 4; lastKnownFileType = sourcecode.cpp.cpp; path = transformCommand.cpp; sourceTree = "<group>"; };
		1CEB6DBF1540A53000E8D103 /* transformCommand.h */ = {isa = PBXFileReference; fileEncoding = 4; lastKnownFileType = sourcecode.c.h; path = transformCommand.h; sourceTree = "<group>"; };
		1CEB6DC01540A53000E8D103 /* core.cpp */ = {isa = PBXFileReference; fileEncoding = 4; lastKnownFileType = sourcecode.cpp.cpp; lineEnding = 0; path = core.cpp; sourceTree = "<group>"; xcLanguageSpecificationIdentifier = xcode.lang.cpp; };
		1CEB6DC11540A53000E8D103 /* core.h */ = {isa = PBXFileReference; fileEncoding = 4; lastKnownFileType = sourcecode.c.h; lineEnding = 0; path = core.h; sourceTree = "<group>"; xcLanguageSpecificationIdentifier = xcode.lang.objcpp; };
		1CEB6DC71540A53000E8D103 /* definitions.h */ = {isa = PBXFileReference; fileEncoding = 4; lastKnownFileType = sourcecode.c.h; path = definitions.h; sourceTree = "<group>"; };
		1CEB6DC81540A53000E8D103 /* entity.cpp */ = {isa = PBXFileReference; fileEncoding = 4; lastKnownFileType = sourcecode.cpp.cpp; path = entity.cpp; sourceTree = "<group>"; };
		1CEB6DC91540A53000E8D103 /* entity.h */ = {isa = PBXFileReference; fileEncoding = 4; lastKnownFileType = sourcecode.c.h; path = entity.h; sourceTree = "<group>"; };
		1CEB6DCC1540A53000E8D103 /* project.cpp */ = {isa = PBXFileReference; fileEncoding = 4; lastKnownFileType = sourcecode.cpp.cpp; path = project.cpp; sourceTree = "<group>"; };
		1CEB6DCD1540A53000E8D103 /* project.h */ = {isa = PBXFileReference; fileEncoding = 4; lastKnownFileType = sourcecode.c.h; path = project.h; sourceTree = "<group>"; };
		1CEB6DCE1540A53000E8D103 /* property.cpp */ = {isa = PBXFileReference; fileEncoding = 4; lastKnownFileType = sourcecode.cpp.cpp; path = property.cpp; sourceTree = "<group>"; };
		1CEB6DCF1540A53000E8D103 /* property.h */ = {isa = PBXFileReference; fileEncoding = 4; lastKnownFileType = sourcecode.c.h; path = property.h; sourceTree = "<group>"; };
		1CEB6DD01540A53000E8D103 /* record.cpp */ = {isa = PBXFileReference; fileEncoding = 4; lastKnownFileType = sourcecode.cpp.cpp; path = record.cpp; sourceTree = "<group>"; };
		1CEB6DD11540A53000E8D103 /* record.h */ = {isa = PBXFileReference; fileEncoding = 4; lastKnownFileType = sourcecode.c.h; path = record.h; sourceTree = "<group>"; };
		1CEB6DD21540A53000E8D103 /* schema.cpp */ = {isa = PBXFileReference; fileEncoding = 4; lastKnownFileType = sourcecode.cpp.cpp; path = schema.cpp; sourceTree = "<group>"; };
		1CEB6DD31540A53000E8D103 /* schema.h */ = {isa = PBXFileReference; fileEncoding = 4; lastKnownFileType = sourcecode.c.h; path = schema.h; sourceTree = "<group>"; };
		1CEB6DD41540A53000E8D103 /* schemaParser.cpp */ = {isa = PBXFileReference; fileEncoding = 4; lastKnownFileType = sourcecode.cpp.cpp; path = schemaParser.cpp; sourceTree = "<group>"; };
		1CEB6DD51540A53000E8D103 /* schemaParser.h */ = {isa = PBXFileReference; fileEncoding = 4; lastKnownFileType = sourcecode.c.h; path = schemaParser.h; sourceTree = "<group>"; };
		1CEB6DD61540A53000E8D103 /* struct.cpp */ = {isa = PBXFileReference; fileEncoding = 4; lastKnownFileType = sourcecode.cpp.cpp; path = struct.cpp; sourceTree = "<group>"; };
		1CEB6DD71540A53000E8D103 /* struct.h */ = {isa = PBXFileReference; fileEncoding = 4; lastKnownFileType = sourcecode.c.h; path = struct.h; sourceTree = "<group>"; };
		1CEB6DF11540AA0500E8D103 /* httpInterface.cpp */ = {isa = PBXFileReference; fileEncoding = 4; lastKnownFileType = sourcecode.cpp.cpp; name = httpInterface.cpp; path = http/httpInterface.cpp; sourceTree = "<group>"; };
		1CEB6DF21540AA0500E8D103 /* httpInterface.h */ = {isa = PBXFileReference; fileEncoding = 4; lastKnownFileType = sourcecode.c.h; name = httpInterface.h; path = http/httpInterface.h; sourceTree = "<group>"; };
		1CEB6DF41540AE1D00E8D103 /* data */ = {isa = PBXFileReference; lastKnownFileType = folder; name = data; path = ../data; sourceTree = "<group>"; };
		1CF9899D15C7AFD3000746F8 /* createRecord.cpp */ = {isa = PBXFileReference; fileEncoding = 4; lastKnownFileType = sourcecode.cpp.cpp; name = createRecord.cpp; path = create/createRecord.cpp; sourceTree = "<group>"; };
		1CF9899E15C7AFD3000746F8 /* createRecord.h */ = {isa = PBXFileReference; fileEncoding = 4; lastKnownFileType = sourcecode.c.h; name = createRecord.h; path = create/createRecord.h; sourceTree = "<group>"; };
/* End PBXFileReference section */

/* Begin PBXFrameworksBuildPhase section */
		1C210F39152CF44F00DEAC92 /* Frameworks */ = {
			isa = PBXFrameworksBuildPhase;
			buildActionMask = 2147483647;
			files = (
				1C25E97415E55B4300833738 /* libpixelboost_osx_x86_64.a in Frameworks */,
				1C78EE901567ECD2001441AC /* OpenGL.framework in Frameworks */,
				1C210F5E152CF60400DEAC92 /* WebKit.framework in Frameworks */,
				1C210F41152CF44F00DEAC92 /* Cocoa.framework in Frameworks */,
			);
			runOnlyForDeploymentPostprocessing = 0;
		};
/* End PBXFrameworksBuildPhase section */

/* Begin PBXGroup section */
		1C1810C7156AF6D400C738C0 /* view */ = {
			isa = PBXGroup;
			children = (
				1C1810C8156AF6D700C738C0 /* entity */,
				1C181278156F993600C738C0 /* manipulator */,
				1C181238156EB0BE00C738C0 /* ui */,
				1C1810D4156AF9AE00C738C0 /* level.cpp */,
				1C1810D5156AF9AF00C738C0 /* level.h */,
			);
			path = view;
			sourceTree = "<group>";
		};
		1C1810C8156AF6D700C738C0 /* entity */ = {
			isa = PBXGroup;
			children = (
				1C1810D7156AFC6A00C738C0 /* property */,
				1C1810C9156AF6D700C738C0 /* entity.cpp */,
				1C1810CA156AF6D700C738C0 /* entity.h */,
			);
			path = entity;
			sourceTree = "<group>";
		};
		1C1810D7156AFC6A00C738C0 /* property */ = {
			isa = PBXGroup;
			children = (
				1C8177FC15936C41003A5A9B /* model.cpp */,
				1C8177FD15936C41003A5A9B /* model.h */,
				1C1810D8156AFC6B00C738C0 /* property.cpp */,
				1C1810D9156AFC6B00C738C0 /* property.h */,
				1C1810DA156AFC6B00C738C0 /* sprite.cpp */,
				1C1810DB156AFC6B00C738C0 /* sprite.h */,
			);
			path = property;
			sourceTree = "<group>";
		};
		1C181231156D922200C738C0 /* core */ = {
			isa = PBXGroup;
			children = (
				1C181232156D922900C738C0 /* selection.cpp */,
				1C181233156D922900C738C0 /* selection.h */,
				1C181236156D930F00C738C0 /* uidHelpers.cpp */,
				1C181235156D923C00C738C0 /* uidHelpers.h */,
			);
			path = core;
			sourceTree = "<group>";
		};
		1C181238156EB0BE00C738C0 /* ui */ = {
			isa = PBXGroup;
			children = (
				1C38848015718E7C00E95986 /* create */,
				1C181239156EB0C000C738C0 /* property */,
				1CD03694157447C1003F9B92 /* settings */,
			);
			path = ui;
			sourceTree = "<group>";
		};
		1C181239156EB0C000C738C0 /* property */ = {
			isa = PBXGroup;
			children = (
				1C18123A156EB0C000C738C0 /* propertyPanel.cpp */,
				1C18123B156EB0C000C738C0 /* propertyPanel.h */,
			);
			path = property;
			sourceTree = "<group>";
		};
		1C181278156F993600C738C0 /* manipulator */ = {
			isa = PBXGroup;
			children = (
				1C181282156F9EEA00C738C0 /* create.cpp */,
				1C181283156F9EEB00C738C0 /* create.h */,
				1C181279156F993900C738C0 /* manipulator.cpp */,
				1C18127A156F993900C738C0 /* manipulator.h */,
				1C18127B156F993900C738C0 /* move.cpp */,
				1C18127C156F993900C738C0 /* move.h */,
				1C181285156FD3EB00C738C0 /* rotate.cpp */,
				1C181286156FD3EF00C738C0 /* rotate.h */,
				1C181287156FD3F500C738C0 /* scale.cpp */,
				1C181288156FD3FD00C738C0 /* scale.h */,
				1C18127D156F993900C738C0 /* select.cpp */,
				1C18127E156F993900C738C0 /* select.h */,
			);
			path = manipulator;
			sourceTree = "<group>";
		};
		1C210F31152CF44E00DEAC92 = {
			isa = PBXGroup;
			children = (
				1CEB6DF41540AE1D00E8D103 /* data */,
				1CEB6DAA1540A52F00E8D103 /* source */,
				1CEB6C5915409A2900E8D103 /* libs */,
				1CEB6C421540953100E8D103 /* editor */,
				1C210F3F152CF44F00DEAC92 /* Frameworks */,
				1C210F3D152CF44F00DEAC92 /* Products */,
			);
			sourceTree = "<group>";
		};
		1C210F3D152CF44F00DEAC92 /* Products */ = {
			isa = PBXGroup;
			children = (
				1C210F3C152CF44F00DEAC92 /* editor.app */,
			);
			name = Products;
			sourceTree = "<group>";
		};
		1C210F3F152CF44F00DEAC92 /* Frameworks */ = {
			isa = PBXGroup;
			children = (
				1C210F40152CF44F00DEAC92 /* Cocoa.framework */,
				1C210F42152CF44F00DEAC92 /* Other Frameworks */,
			);
			name = Frameworks;
			sourceTree = "<group>";
		};
		1C210F42152CF44F00DEAC92 /* Other Frameworks */ = {
			isa = PBXGroup;
			children = (
				1C210F43152CF44F00DEAC92 /* AppKit.framework */,
				1C210F44152CF44F00DEAC92 /* CoreData.framework */,
				1C210F45152CF44F00DEAC92 /* Foundation.framework */,
				1C78EE8F1567ECD2001441AC /* OpenGL.framework */,
				1C210F5D152CF60400DEAC92 /* WebKit.framework */,
			);
			name = "Other Frameworks";
			sourceTree = "<group>";
		};
		1C25E84815E5564A00833738 /* Products */ = {
			isa = PBXGroup;
			children = (
				1C25E84D15E5564B00833738 /* libpixelboost_ios.a */,
				1C25E84F15E5564B00833738 /* libpixelboost_osx.a */,
				1C25E97315E55B4300833738 /* libpixelboost_osx_x86_64.a */,
			);
			name = Products;
			sourceTree = "<group>";
		};
		1C38848015718E7C00E95986 /* create */ = {
			isa = PBXGroup;
			children = (
				1C38847C15718E7600E95986 /* createPanel.cpp */,
				1C38847D15718E7600E95986 /* createPanel.h */,
				1CF9899D15C7AFD3000746F8 /* createRecord.cpp */,
				1CF9899E15C7AFD3000746F8 /* createRecord.h */,
			);
			name = create;
			sourceTree = "<group>";
		};
		1C3F422D1558306700396F50 /* commands */ = {
			isa = PBXGroup;
			children = (
				1C3F42391558430B00396F50 /* file.cpp */,
				1C3F423A1558430B00396F50 /* file.h */,
				1C3F42301558323400396F50 /* record.cpp */,
				1C3F42311558323400396F50 /* record.h */,
				1C3F42341558323400396F50 /* schema.cpp */,
				1C3F42351558323400396F50 /* schema.h */,
			);
			name = commands;
			sourceTree = "<group>";
		};
		1CD03694157447C1003F9B92 /* settings */ = {
			isa = PBXGroup;
			children = (
				1C8BA19E15987BA200981586 /* moveManipulator.cpp */,
				1C8BA19F15987BA200981586 /* moveManipulator.h */,
				1CD03695157447C1003F9B92 /* networkWindow.cpp */,
				1CD03696157447C1003F9B92 /* networkWindow.h */,
				1C7DD6C015AED7860006A24D /* rotateManipulator.cpp */,
				1C7DD6C115AED7860006A24D /* rotateManipulator.h */,
			);
			path = settings;
			sourceTree = "<group>";
		};
		1CEB6C421540953100E8D103 /* editor */ = {
			isa = PBXGroup;
			children = (
				1C78EE911567EDDF001441AC /* MainView.h */,
				1C78EE921567EDDF001441AC /* MainView.mm */,
				1CEB6C541540953800E8D103 /* Supporting Files */,
				1CEB6C431540953100E8D103 /* AppDelegate.h */,
				1CEB6C441540953100E8D103 /* AppDelegate.mm */,
				1CEB6C4B1540953100E8D103 /* MainMenu.xib */,
			);
			path = editor;
			sourceTree = "<group>";
		};
		1CEB6C541540953800E8D103 /* Supporting Files */ = {
			isa = PBXGroup;
			children = (
				1CEB6C451540953100E8D103 /* editor-Info.plist */,
				1CEB6C461540953100E8D103 /* editor-Prefix.pch */,
				1CEB6C471540953100E8D103 /* Credits.rtf */,
				1CEB6C491540953100E8D103 /* InfoPlist.strings */,
				1CEB6C4D1540953100E8D103 /* main.m */,
			);
			name = "Supporting Files";
			sourceTree = "<group>";
		};
		1CEB6C5915409A2900E8D103 /* libs */ = {
			isa = PBXGroup;
			children = (
				1C25E84715E5564A00833738 /* pixelboost.xcodeproj */,
			);
			name = libs;
			sourceTree = "<group>";
		};
		1CEB6DAA1540A52F00E8D103 /* source */ = {
			isa = PBXGroup;
			children = (
				1C181231156D922200C738C0 /* core */,
				1CEB6DAB1540A53000E8D103 /* command */,
				1CEB6DF01540A9D000E8D103 /* http */,
				1CEB6DC61540A53000E8D103 /* project */,
				1C1810C7156AF6D400C738C0 /* view */,
				1CEB6DC01540A53000E8D103 /* core.cpp */,
				1CEB6DC11540A53000E8D103 /* core.h */,
				1C18079F156975CD00C738C0 /* view.cpp */,
				1C1807A0156975CD00C738C0 /* view.h */,
			);
			name = source;
			path = ../source;
			sourceTree = "<group>";
		};
		1CEB6DAB1540A53000E8D103 /* command */ = {
			isa = PBXGroup;
			children = (
				1CEB6DAC1540A53000E8D103 /* base.cpp */,
				1CEB6DAD1540A53000E8D103 /* base.h */,
				1CEB6DAE1540A53000E8D103 /* manager.cpp */,
				1CEB6DAF1540A53000E8D103 /* manager.h */,
				1CEB6DB01540A53000E8D103 /* register.cpp */,
				1CEB6DB21540A53000E8D103 /* standard */,
			);
			path = command;
			sourceTree = "<group>";
		};
		1CEB6DB21540A53000E8D103 /* standard */ = {
			isa = PBXGroup;
			children = (
				1CAC1E861589669C002D85D1 /* checkDepth.cpp */,
				1CAC1E871589669F002D85D1 /* checkDepth.h */,
				1CEB6DB31540A53000E8D103 /* close.cpp */,
				1CAC1E7C15881812002D85D1 /* copy.cpp */,
				1CAC1E7D15881812002D85D1 /* copy.h */,
				1CEB6DB41540A53000E8D103 /* createEntity.cpp */,
				1CEB6DB51540A53000E8D103 /* createEntity.h */,
				1CEB6DB61540A53000E8D103 /* deleteCommand.cpp */,
				1CEB6DB71540A53000E8D103 /* deleteCommand.h */,
				1CEB6DB81540A53000E8D103 /* export.cpp */,
				1CEB6DB91540A53000E8D103 /* file.h */,
				1CAC1E8315894E3D002D85D1 /* modifyDepth.cpp */,
				1CAC1E8415894E3F002D85D1 /* modifyDepth.h */,
				1CEB6DBA1540A53000E8D103 /* open.cpp */,
				1CAC1E7E15881812002D85D1 /* paste.cpp */,
				1CAC1E7F15881813002D85D1 /* paste.h */,
				1CEB6DBB1540A53000E8D103 /* save.cpp */,
				1CEB6DBC1540A53000E8D103 /* selectCommand.cpp */,
				1CEB6DBD1540A53000E8D103 /* selectCommand.h */,
				1CEB6DBE1540A53000E8D103 /* transformCommand.cpp */,
				1CEB6DBF1540A53000E8D103 /* transformCommand.h */,
			);
			path = standard;
			sourceTree = "<group>";
		};
		1CEB6DC61540A53000E8D103 /* project */ = {
			isa = PBXGroup;
			children = (
				1CEB6DC71540A53000E8D103 /* definitions.h */,
				1CEB6DC81540A53000E8D103 /* entity.cpp */,
				1CEB6DC91540A53000E8D103 /* entity.h */,
				1CEB6DCC1540A53000E8D103 /* project.cpp */,
				1CEB6DCD1540A53000E8D103 /* project.h */,
				1CEB6DCE1540A53000E8D103 /* property.cpp */,
				1CEB6DCF1540A53000E8D103 /* property.h */,
				1CEB6DD01540A53000E8D103 /* record.cpp */,
				1CEB6DD11540A53000E8D103 /* record.h */,
				1CEB6DD21540A53000E8D103 /* schema.cpp */,
				1CEB6DD31540A53000E8D103 /* schema.h */,
				1CEB6DD41540A53000E8D103 /* schemaParser.cpp */,
				1CEB6DD51540A53000E8D103 /* schemaParser.h */,
				1CEB6DD61540A53000E8D103 /* struct.cpp */,
				1CEB6DD71540A53000E8D103 /* struct.h */,
			);
			path = project;
			sourceTree = "<group>";
		};
		1CEB6DF01540A9D000E8D103 /* http */ = {
			isa = PBXGroup;
			children = (
				1C3F422D1558306700396F50 /* commands */,
				1CEB6DF11540AA0500E8D103 /* httpInterface.cpp */,
				1CEB6DF21540AA0500E8D103 /* httpInterface.h */,
			);
			name = http;
			sourceTree = "<group>";
		};
/* End PBXGroup section */

/* Begin PBXNativeTarget section */
		1C210F3B152CF44F00DEAC92 /* editor */ = {
			isa = PBXNativeTarget;
			buildConfigurationList = 1C210F5A152CF44F00DEAC92 /* Build configuration list for PBXNativeTarget "editor" */;
			buildPhases = (
				1C210F38152CF44F00DEAC92 /* Sources */,
				1C210F39152CF44F00DEAC92 /* Frameworks */,
				1C210F3A152CF44F00DEAC92 /* Resources */,
			);
			buildRules = (
			);
			dependencies = (
			);
			name = editor;
			productName = debugscope;
			productReference = 1C210F3C152CF44F00DEAC92 /* editor.app */;
			productType = "com.apple.product-type.application";
		};
/* End PBXNativeTarget section */

/* Begin PBXProject section */
		1C210F33152CF44E00DEAC92 /* Project object */ = {
			isa = PBXProject;
			attributes = {
				LastUpgradeCheck = 0440;
				ORGANIZATIONNAME = "Pixel Balloon";
			};
			buildConfigurationList = 1C210F36152CF44E00DEAC92 /* Build configuration list for PBXProject "editor" */;
			compatibilityVersion = "Xcode 3.2";
			developmentRegion = English;
			hasScannedForEncodings = 0;
			knownRegions = (
				en,
			);
			mainGroup = 1C210F31152CF44E00DEAC92;
			productRefGroup = 1C210F3D152CF44F00DEAC92 /* Products */;
			projectDirPath = "";
			projectReferences = (
				{
					ProductGroup = 1C25E84815E5564A00833738 /* Products */;
					ProjectRef = 1C25E84715E5564A00833738 /* pixelboost.xcodeproj */;
				},
			);
			projectRoot = "";
			targets = (
				1C210F3B152CF44F00DEAC92 /* editor */,
			);
		};
/* End PBXProject section */

/* Begin PBXReferenceProxy section */
		1C25E84D15E5564B00833738 /* libpixelboost_ios.a */ = {
			isa = PBXReferenceProxy;
			fileType = archive.ar;
			path = libpixelboost_ios.a;
			remoteRef = 1C25E84C15E5564B00833738 /* PBXContainerItemProxy */;
			sourceTree = BUILT_PRODUCTS_DIR;
		};
		1C25E84F15E5564B00833738 /* libpixelboost_osx.a */ = {
			isa = PBXReferenceProxy;
			fileType = archive.ar;
			path = libpixelboost_osx.a;
			remoteRef = 1C25E84E15E5564B00833738 /* PBXContainerItemProxy */;
			sourceTree = BUILT_PRODUCTS_DIR;
		};
		1C25E97315E55B4300833738 /* libpixelboost_osx_x86_64.a */ = {
			isa = PBXReferenceProxy;
			fileType = archive.ar;
			path = libpixelboost_osx_x86_64.a;
			remoteRef = 1C25E97215E55B4300833738 /* PBXContainerItemProxy */;
			sourceTree = BUILT_PRODUCTS_DIR;
		};
/* End PBXReferenceProxy section */

/* Begin PBXResourcesBuildPhase section */
		1C210F3A152CF44F00DEAC92 /* Resources */ = {
			isa = PBXResourcesBuildPhase;
			buildActionMask = 2147483647;
			files = (
				1CEB6C501540953100E8D103 /* Credits.rtf in Resources */,
				1CEB6C511540953100E8D103 /* InfoPlist.strings in Resources */,
				1CEB6C521540953100E8D103 /* MainMenu.xib in Resources */,
				1CEB6DF51540AE2200E8D103 /* data in Resources */,
			);
			runOnlyForDeploymentPostprocessing = 0;
		};
/* End PBXResourcesBuildPhase section */

/* Begin PBXSourcesBuildPhase section */
		1C210F38152CF44F00DEAC92 /* Sources */ = {
			isa = PBXSourcesBuildPhase;
			buildActionMask = 2147483647;
			files = (
				1CEB6C4E1540953100E8D103 /* AppDelegate.mm in Sources */,
				1CEB6C531540953100E8D103 /* main.m in Sources */,
				1CEB6DDA1540A53000E8D103 /* base.cpp in Sources */,
				1CEB6DDB1540A53000E8D103 /* manager.cpp in Sources */,
				1CEB6DDC1540A53000E8D103 /* register.cpp in Sources */,
				1CEB6DDD1540A53000E8D103 /* close.cpp in Sources */,
				1CEB6DDE1540A53000E8D103 /* createEntity.cpp in Sources */,
				1CEB6DDF1540A53000E8D103 /* deleteCommand.cpp in Sources */,
				1CEB6DE01540A53000E8D103 /* export.cpp in Sources */,
				1CEB6DE11540A53000E8D103 /* open.cpp in Sources */,
				1CEB6DE21540A53000E8D103 /* save.cpp in Sources */,
				1CEB6DE31540A53000E8D103 /* selectCommand.cpp in Sources */,
				1CEB6DE41540A53000E8D103 /* transformCommand.cpp in Sources */,
				1CEB6DE51540A53000E8D103 /* core.cpp in Sources */,
				1CEB6DE71540A53000E8D103 /* entity.cpp in Sources */,
				1CEB6DE91540A53000E8D103 /* project.cpp in Sources */,
				1CEB6DEA1540A53000E8D103 /* property.cpp in Sources */,
				1CEB6DEB1540A53000E8D103 /* record.cpp in Sources */,
				1CEB6DEC1540A53000E8D103 /* schema.cpp in Sources */,
				1CEB6DED1540A53000E8D103 /* schemaParser.cpp in Sources */,
				1CEB6DEE1540A53000E8D103 /* struct.cpp in Sources */,
				1CEB6DF31540AA0500E8D103 /* httpInterface.cpp in Sources */,
				1C3F42361558323400396F50 /* record.cpp in Sources */,
				1C3F42381558323400396F50 /* schema.cpp in Sources */,
				1C3F423B1558430B00396F50 /* file.cpp in Sources */,
				1C78EE931567EDDF001441AC /* MainView.mm in Sources */,
				1C1807A1156975CE00C738C0 /* view.cpp in Sources */,
				1C1810CF156AF6D700C738C0 /* entity.cpp in Sources */,
				1C1810D6156AF9B300C738C0 /* level.cpp in Sources */,
				1C1810DC156AFC6B00C738C0 /* property.cpp in Sources */,
				1C1810DD156AFC6B00C738C0 /* sprite.cpp in Sources */,
				1C181234156D922900C738C0 /* selection.cpp in Sources */,
				1C181237156D931000C738C0 /* uidHelpers.cpp in Sources */,
				1C18123C156EB0C000C738C0 /* propertyPanel.cpp in Sources */,
				1C18127F156F993A00C738C0 /* manipulator.cpp in Sources */,
				1C181280156F993A00C738C0 /* move.cpp in Sources */,
				1C181281156F993A00C738C0 /* select.cpp in Sources */,
				1C181284156F9EED00C738C0 /* create.cpp in Sources */,
				1C181289156FD40800C738C0 /* rotate.cpp in Sources */,
				1C18128A156FD40800C738C0 /* scale.cpp in Sources */,
				1C38847E15718E7600E95986 /* createPanel.cpp in Sources */,
				1CD03697157447C1003F9B92 /* networkWindow.cpp in Sources */,
				1CAC1E8015881813002D85D1 /* copy.cpp in Sources */,
				1CAC1E8115881813002D85D1 /* paste.cpp in Sources */,
				1CAC1E8515894E41002D85D1 /* modifyDepth.cpp in Sources */,
				1CAC1E88158966A4002D85D1 /* checkDepth.cpp in Sources */,
				1C8177FE15936C41003A5A9B /* model.cpp in Sources */,
				1C8BA1A015987BA200981586 /* moveManipulator.cpp in Sources */,
				1C7DD6C315AED7870006A24D /* rotateManipulator.cpp in Sources */,
				1CF9899F15C7AFD3000746F8 /* createRecord.cpp in Sources */,
			);
			runOnlyForDeploymentPostprocessing = 0;
		};
/* End PBXSourcesBuildPhase section */

/* Begin PBXVariantGroup section */
		1CEB6C471540953100E8D103 /* Credits.rtf */ = {
			isa = PBXVariantGroup;
			children = (
				1CEB6C481540953100E8D103 /* en */,
			);
			name = Credits.rtf;
			sourceTree = "<group>";
		};
		1CEB6C491540953100E8D103 /* InfoPlist.strings */ = {
			isa = PBXVariantGroup;
			children = (
				1CEB6C4A1540953100E8D103 /* en */,
			);
			name = InfoPlist.strings;
			sourceTree = "<group>";
		};
		1CEB6C4B1540953100E8D103 /* MainMenu.xib */ = {
			isa = PBXVariantGroup;
			children = (
				1CEB6C4C1540953100E8D103 /* en */,
			);
			name = MainMenu.xib;
			sourceTree = "<group>";
		};
/* End PBXVariantGroup section */

/* Begin XCBuildConfiguration section */
		1C210F58152CF44F00DEAC92 /* Debug */ = {
			isa = XCBuildConfiguration;
			buildSettings = {
				ALWAYS_SEARCH_USER_PATHS = NO;
				ARCHS = "$(ARCHS_STANDARD_64_BIT)";
				COPY_PHASE_STRIP = NO;
				GCC_C_LANGUAGE_STANDARD = gnu99;
				GCC_DYNAMIC_NO_PIC = NO;
				GCC_ENABLE_OBJC_EXCEPTIONS = YES;
				GCC_OPTIMIZATION_LEVEL = 0;
				GCC_PREPROCESSOR_DEFINITIONS = (
					"DEBUG=1",
					"$(inherited)",
				);
				GCC_SYMBOLS_PRIVATE_EXTERN = NO;
				GCC_VERSION = com.apple.compilers.llvm.clang.1_0;
				GCC_WARN_64_TO_32_BIT_CONVERSION = YES;
				GCC_WARN_ABOUT_RETURN_TYPE = YES;
				GCC_WARN_UNINITIALIZED_AUTOS = YES;
				GCC_WARN_UNUSED_VARIABLE = YES;
				HEADER_SEARCH_PATHS = (
					../source/,
					../libs/pixelboost/src/platform/mac/,
					../libs/pixelboost/src/common/,
					../libs/pixelboost/src/external/,
				);
				MACOSX_DEPLOYMENT_TARGET = 10.7;
				ONLY_ACTIVE_ARCH = YES;
				OTHER_CPLUSPLUSFLAGS = (
					"$(OTHER_CFLAGS)",
					"-DPIXELBOOST_DISABLE_BOX2D",
					"-DPIXELBOOST_PLATFORM_OSX",
					"-DPIXELBOOST_DISABLE_SOUND",
					"-DPIXELBOOST_DISABLE_GRAPHICS",
				);
				SDKROOT = macosx;
			};
			name = Debug;
		};
		1C210F59152CF44F00DEAC92 /* Release */ = {
			isa = XCBuildConfiguration;
			buildSettings = {
				ALWAYS_SEARCH_USER_PATHS = NO;
				ARCHS = "$(ARCHS_STANDARD_64_BIT)";
				COPY_PHASE_STRIP = YES;
				DEBUG_INFORMATION_FORMAT = "dwarf-with-dsym";
				GCC_C_LANGUAGE_STANDARD = gnu99;
				GCC_ENABLE_OBJC_EXCEPTIONS = YES;
				GCC_VERSION = com.apple.compilers.llvm.clang.1_0;
				GCC_WARN_64_TO_32_BIT_CONVERSION = YES;
				GCC_WARN_ABOUT_RETURN_TYPE = YES;
				GCC_WARN_UNINITIALIZED_AUTOS = YES;
				GCC_WARN_UNUSED_VARIABLE = YES;
				HEADER_SEARCH_PATHS = (
					../source/,
					../libs/pixelboost/src/platform/mac/,
					../libs/pixelboost/src/common/,
					../libs/pixelboost/src/external/,
				);
				MACOSX_DEPLOYMENT_TARGET = 10.7;
				OTHER_CPLUSPLUSFLAGS = (
					"$(OTHER_CFLAGS)",
					"-DPIXELBOOST_DISABLE_BOX2D",
					"-DPIXELBOOST_PLATFORM_OSX",
					"-DPIXELBOOST_DISABLE_SOUND",
					"-DPIXELBOOST_DISABLE_GRAPHICS",
				);
				SDKROOT = macosx;
			};
			name = Release;
		};
		1C210F5B152CF44F00DEAC92 /* Debug */ = {
			isa = XCBuildConfiguration;
			buildSettings = {
				ARCHS = "$(ARCHS_STANDARD_32_64_BIT)";
				COMBINE_HIDPI_IMAGES = YES;
				GCC_PRECOMPILE_PREFIX_HEADER = YES;
				GCC_PREFIX_HEADER = "editor/editor-Prefix.pch";
				HEADER_SEARCH_PATHS = (
					../source/,
					../../../engine/src/platform/mac/,
					../../../engine/src/common/,
					../../../engine/src/external/,
				);
				INFOPLIST_FILE = "editor/editor-Info.plist";
				MACOSX_DEPLOYMENT_TARGET = 10.6;
				OTHER_CPLUSPLUSFLAGS = (
					"$(OTHER_CFLAGS)",
					"-DPIXELBOOST_DISABLE_BOX2D",
					"-DPIXELBOOST_PLATFORM_OSX",
					"-DPIXELBOOST_DISABLE_SOUND",
				);
				PRODUCT_NAME = editor;
				WRAPPER_EXTENSION = app;
			};
			name = Debug;
		};
		1C210F5C152CF44F00DEAC92 /* Release */ = {
			isa = XCBuildConfiguration;
			buildSettings = {
				ARCHS = "$(ARCHS_STANDARD_32_64_BIT)";
				COMBINE_HIDPI_IMAGES = YES;
				GCC_PRECOMPILE_PREFIX_HEADER = YES;
				GCC_PREFIX_HEADER = "editor/editor-Prefix.pch";
				HEADER_SEARCH_PATHS = (
					../source/,
					../../../engine/src/platform/mac/,
					../../../engine/src/common/,
					../../../engine/src/external/,
				);
				INFOPLIST_FILE = "editor/editor-Info.plist";
				MACOSX_DEPLOYMENT_TARGET = 10.6;
				OTHER_CPLUSPLUSFLAGS = (
					"$(OTHER_CFLAGS)",
					"-DPIXELBOOST_DISABLE_BOX2D",
					"-DPIXELBOOST_PLATFORM_OSX",
					"-DPIXELBOOST_DISABLE_SOUND",
				);
				PRODUCT_NAME = editor;
				WRAPPER_EXTENSION = app;
			};
			name = Release;
		};
/* End XCBuildConfiguration section */

/* Begin XCConfigurationList section */
		1C210F36152CF44E00DEAC92 /* Build configuration list for PBXProject "editor" */ = {
			isa = XCConfigurationList;
			buildConfigurations = (
				1C210F58152CF44F00DEAC92 /* Debug */,
				1C210F59152CF44F00DEAC92 /* Release */,
			);
			defaultConfigurationIsVisible = 0;
			defaultConfigurationName = Release;
		};
		1C210F5A152CF44F00DEAC92 /* Build configuration list for PBXNativeTarget "editor" */ = {
			isa = XCConfigurationList;
			buildConfigurations = (
				1C210F5B152CF44F00DEAC92 /* Debug */,
				1C210F5C152CF44F00DEAC92 /* Release */,
			);
			defaultConfigurationIsVisible = 0;
			defaultConfigurationName = Release;
		};
/* End XCConfigurationList section */
	};
	rootObject = 1C210F33152CF44E00DEAC92 /* Project object */;
}
