// !$*UTF8*$!
{
	archiveVersion = 1;
	classes = {
	};
	objectVersion = 46;
	objects = {

/* Begin PBXBuildFile section */
		1C897E1815DEE75600AB3196 /* libpixelboost_osx.a in Frameworks */ = {isa = PBXBuildFile; fileRef = 1C897E1715DEE73B00AB3196 /* libpixelboost_osx.a */; };
		1C9666D215D04068007ED733 /* modelExporter.cpp in Sources */ = {isa = PBXBuildFile; fileRef = 1C9666CE15D04068007ED733 /* modelExporter.cpp */; };
		1C9666D315D04068007ED733 /* modelLoader.cpp in Sources */ = {isa = PBXBuildFile; fileRef = 1C9666D015D04068007ED733 /* modelLoader.cpp */; };
		1CC7006215CF9E5E00E50CA8 /* Foundation.framework in Frameworks */ = {isa = PBXBuildFile; fileRef = 1CC7006115CF9E5E00E50CA8 /* Foundation.framework */; };
		1CC7006515CFA02D00E50CA8 /* OpenGL.framework in Frameworks */ = {isa = PBXBuildFile; fileRef = 1CC7006415CFA02D00E50CA8 /* OpenGL.framework */; };
		1CC7007615CFA15C00E50CA8 /* main.cpp in Sources */ = {isa = PBXBuildFile; fileRef = 1CC7007415CFA15C00E50CA8 /* main.cpp */; };
/* End PBXBuildFile section */

/* Begin PBXContainerItemProxy section */
		1C897E1415DEE73B00AB3196 /* PBXContainerItemProxy */ = {
			isa = PBXContainerItemProxy;
			containerPortal = 1C897E0C15DEE73A00AB3196 /* pixelboost.xcodeproj */;
			proxyType = 2;
			remoteGlobalIDString = 1C897C5F15DEA3D600AB3196;
			remoteInfo = pixelboost_ios;
		};
		1C897E1615DEE73B00AB3196 /* PBXContainerItemProxy */ = {
			isa = PBXContainerItemProxy;
			containerPortal = 1C897E0C15DEE73A00AB3196 /* pixelboost.xcodeproj */;
			proxyType = 2;
			remoteGlobalIDString = 1C897D8615DEA3E500AB3196;
			remoteInfo = pixelboost_osx;
		};
/* End PBXContainerItemProxy section */

/* Begin PBXCopyFilesBuildPhase section */
		1C16CA0014CD6790006B4E65 /* CopyFiles */ = {
			isa = PBXCopyFilesBuildPhase;
			buildActionMask = 2147483647;
			dstPath = /usr/share/man/man1/;
			dstSubfolderSpec = 0;
			files = (
			);
			runOnlyForDeploymentPostprocessing = 1;
		};
/* End PBXCopyFilesBuildPhase section */

/* Begin PBXFileReference section */
		1C16CA0214CD6790006B4E65 /* modelconvertor */ = {isa = PBXFileReference; explicitFileType = "compiled.mach-o.executable"; includeInIndex = 0; path = modelconvertor; sourceTree = BUILT_PRODUCTS_DIR; };
		1C897E0C15DEE73A00AB3196 /* pixelboost.xcodeproj */ = {isa = PBXFileReference; lastKnownFileType = "wrapper.pb-project"; name = pixelboost.xcodeproj; path = ../../../../osx_ios/pixelboost.xcodeproj; sourceTree = "<group>"; };
		1C9666CE15D04068007ED733 /* modelExporter.cpp */ = {isa = PBXFileReference; fileEncoding = 4; lastKnownFileType = sourcecode.cpp.cpp; path = modelExporter.cpp; sourceTree = "<group>"; };
		1C9666CF15D04068007ED733 /* modelExporter.h */ = {isa = PBXFileReference; fileEncoding = 4; lastKnownFileType = sourcecode.c.h; path = modelExporter.h; sourceTree = "<group>"; };
		1C9666D015D04068007ED733 /* modelLoader.cpp */ = {isa = PBXFileReference; fileEncoding = 4; lastKnownFileType = sourcecode.cpp.cpp; path = modelLoader.cpp; sourceTree = "<group>"; };
		1C9666D115D04068007ED733 /* modelLoader.h */ = {isa = PBXFileReference; fileEncoding = 4; lastKnownFileType = sourcecode.c.h; path = modelLoader.h; sourceTree = "<group>"; };
		1CC7006115CF9E5E00E50CA8 /* Foundation.framework */ = {isa = PBXFileReference; lastKnownFileType = wrapper.framework; name = Foundation.framework; path = System/Library/Frameworks/Foundation.framework; sourceTree = SDKROOT; };
		1CC7006415CFA02D00E50CA8 /* OpenGL.framework */ = {isa = PBXFileReference; lastKnownFileType = wrapper.framework; name = OpenGL.framework; path = System/Library/Frameworks/OpenGL.framework; sourceTree = SDKROOT; };
		1CC7007415CFA15C00E50CA8 /* main.cpp */ = {isa = PBXFileReference; fileEncoding = 4; lastKnownFileType = sourcecode.cpp.cpp; path = main.cpp; sourceTree = "<group>"; };
		1CC7007515CFA15C00E50CA8 /* prefix.pch */ = {isa = PBXFileReference; fileEncoding = 4; lastKnownFileType = sourcecode.c.h; path = prefix.pch; sourceTree = "<group>"; };
/* End PBXFileReference section */

/* Begin PBXFrameworksBuildPhase section */
		1C16C9FF14CD6790006B4E65 /* Frameworks */ = {
			isa = PBXFrameworksBuildPhase;
			buildActionMask = 2147483647;
			files = (
				1C897E1815DEE75600AB3196 /* libpixelboost_osx.a in Frameworks */,
				1CC7006515CFA02D00E50CA8 /* OpenGL.framework in Frameworks */,
				1CC7006215CF9E5E00E50CA8 /* Foundation.framework in Frameworks */,
			);
			runOnlyForDeploymentPostprocessing = 0;
		};
/* End PBXFrameworksBuildPhase section */

/* Begin PBXGroup section */
		1C16C9F714CD678F006B4E65 = {
			isa = PBXGroup;
			children = (
				1C953F1314CD684D00B934D5 /* lib */,
				1CC7007315CFA15C00E50CA8 /* modelconvertor */,
				1C9666CD15D04068007ED733 /* source */,
				1C16CA0314CD6790006B4E65 /* Products */,
				1CC7006015CF9E3D00E50CA8 /* Frameworks */,
			);
			sourceTree = "<group>";
		};
		1C16CA0314CD6790006B4E65 /* Products */ = {
			isa = PBXGroup;
			children = (
				1C16CA0214CD6790006B4E65 /* modelconvertor */,
			);
			name = Products;
			sourceTree = "<group>";
		};
		1C897E0D15DEE73A00AB3196 /* Products */ = {
			isa = PBXGroup;
			children = (
				1C897E1515DEE73B00AB3196 /* libpixelboost_ios.a */,
				1C897E1715DEE73B00AB3196 /* libpixelboost_osx.a */,
			);
			name = Products;
			sourceTree = "<group>";
		};
		1C953F1314CD684D00B934D5 /* lib */ = {
			isa = PBXGroup;
			children = (
				1C897E0C15DEE73A00AB3196 /* pixelboost.xcodeproj */,
			);
			name = lib;
			sourceTree = "<group>";
		};
		1C9666CD15D04068007ED733 /* source */ = {
			isa = PBXGroup;
			children = (
				1C9666CE15D04068007ED733 /* modelExporter.cpp */,
				1C9666CF15D04068007ED733 /* modelExporter.h */,
				1C9666D015D04068007ED733 /* modelLoader.cpp */,
				1C9666D115D04068007ED733 /* modelLoader.h */,
			);
			name = source;
			path = ../../source;
			sourceTree = "<group>";
		};
		1CC7006015CF9E3D00E50CA8 /* Frameworks */ = {
			isa = PBXGroup;
			children = (
				1CC7006115CF9E5E00E50CA8 /* Foundation.framework */,
				1CC7006415CFA02D00E50CA8 /* OpenGL.framework */,
			);
			name = Frameworks;
			sourceTree = "<group>";
		};
		1CC7007315CFA15C00E50CA8 /* modelconvertor */ = {
			isa = PBXGroup;
			children = (
				1CC7007415CFA15C00E50CA8 /* main.cpp */,
				1CC7007515CFA15C00E50CA8 /* prefix.pch */,
			);
			path = modelconvertor;
			sourceTree = "<group>";
		};
/* End PBXGroup section */

/* Begin PBXNativeTarget section */
		1C16CA0114CD6790006B4E65 /* modelconvertor */ = {
			isa = PBXNativeTarget;
			buildConfigurationList = 1C16CA0C14CD6791006B4E65 /* Build configuration list for PBXNativeTarget "modelconvertor" */;
			buildPhases = (
				1C16C9FE14CD6790006B4E65 /* Sources */,
				1C16C9FF14CD6790006B4E65 /* Frameworks */,
				1C16CA0014CD6790006B4E65 /* CopyFiles */,
			);
			buildRules = (
			);
			dependencies = (
			);
			name = modelconvertor;
			productName = hullgenerator;
			productReference = 1C16CA0214CD6790006B4E65 /* modelconvertor */;
			productType = "com.apple.product-type.tool";
		};
/* End PBXNativeTarget section */

/* Begin PBXProject section */
		1C16C9F914CD678F006B4E65 /* Project object */ = {
			isa = PBXProject;
			attributes = {
				LastUpgradeCheck = 0420;
				ORGANIZATIONNAME = "Pixel Balloon";
			};
			buildConfigurationList = 1C16C9FC14CD678F006B4E65 /* Build configuration list for PBXProject "modelconvertor" */;
			compatibilityVersion = "Xcode 3.2";
			developmentRegion = English;
			hasScannedForEncodings = 0;
			knownRegions = (
				en,
			);
			mainGroup = 1C16C9F714CD678F006B4E65;
			productRefGroup = 1C16CA0314CD6790006B4E65 /* Products */;
			projectDirPath = "";
			projectReferences = (
				{
					ProductGroup = 1C897E0D15DEE73A00AB3196 /* Products */;
					ProjectRef = 1C897E0C15DEE73A00AB3196 /* pixelboost.xcodeproj */;
				},
			);
			projectRoot = "";
			targets = (
				1C16CA0114CD6790006B4E65 /* modelconvertor */,
			);
		};
/* End PBXProject section */

/* Begin PBXReferenceProxy section */
		1C897E1515DEE73B00AB3196 /* libpixelboost_ios.a */ = {
			isa = PBXReferenceProxy;
			fileType = archive.ar;
			path = libpixelboost_ios.a;
			remoteRef = 1C897E1415DEE73B00AB3196 /* PBXContainerItemProxy */;
			sourceTree = BUILT_PRODUCTS_DIR;
		};
		1C897E1715DEE73B00AB3196 /* libpixelboost_osx.a */ = {
			isa = PBXReferenceProxy;
			fileType = archive.ar;
			path = libpixelboost_osx.a;
			remoteRef = 1C897E1615DEE73B00AB3196 /* PBXContainerItemProxy */;
			sourceTree = BUILT_PRODUCTS_DIR;
		};
/* End PBXReferenceProxy section */

/* Begin PBXSourcesBuildPhase section */
		1C16C9FE14CD6790006B4E65 /* Sources */ = {
			isa = PBXSourcesBuildPhase;
			buildActionMask = 2147483647;
			files = (
				1CC7007615CFA15C00E50CA8 /* main.cpp in Sources */,
				1C9666D215D04068007ED733 /* modelExporter.cpp in Sources */,
				1C9666D315D04068007ED733 /* modelLoader.cpp in Sources */,
			);
			runOnlyForDeploymentPostprocessing = 0;
		};
/* End PBXSourcesBuildPhase section */

/* Begin XCBuildConfiguration section */
		1C16CA0A14CD6791006B4E65 /* Debug */ = {
			isa = XCBuildConfiguration;
			buildSettings = {
				ALWAYS_SEARCH_USER_PATHS = NO;
				ARCHS = "$(ARCHS_STANDARD_64_BIT)";
				COPY_PHASE_STRIP = NO;
				GCC_C_LANGUAGE_STANDARD = gnu99;
				GCC_DYNAMIC_NO_PIC = NO;
				GCC_ENABLE_OBJC_EXCEPTIONS = YES;
				GCC_OPTIMIZATION_LEVEL = 0;
				GCC_PREPROCESSOR_DEFINITIONS = "DEBUG=1";
				GCC_SYMBOLS_PRIVATE_EXTERN = NO;
				GCC_VERSION = com.apple.compilers.llvm.clang.1_0;
				GCC_WARN_64_TO_32_BIT_CONVERSION = YES;
				GCC_WARN_ABOUT_MISSING_PROTOTYPES = YES;
				GCC_WARN_ABOUT_RETURN_TYPE = YES;
				HEADER_SEARCH_PATHS = (
					../../../../src/common/,
					../../../../src/external/,
					../../../../src/platform/mac/,
					../../source/,
				);
				MACOSX_DEPLOYMENT_TARGET = 10.7;
				ONLY_ACTIVE_ARCH = YES;
				SDKROOT = macosx;
			};
			name = Debug;
		};
		1C16CA0B14CD6791006B4E65 /* Release */ = {
			isa = XCBuildConfiguration;
			buildSettings = {
				ALWAYS_SEARCH_USER_PATHS = NO;
				ARCHS = "$(ARCHS_STANDARD_64_BIT)";
				COPY_PHASE_STRIP = YES;
				DEBUG_INFORMATION_FORMAT = "dwarf-with-dsym";
				GCC_C_LANGUAGE_STANDARD = gnu99;
				GCC_ENABLE_OBJC_EXCEPTIONS = YES;
				GCC_VERSION = com.apple.compilers.llvm.clang.1_0;
				GCC_WARN_64_TO_32_BIT_CONVERSION = YES;
				GCC_WARN_ABOUT_MISSING_PROTOTYPES = YES;
				GCC_WARN_ABOUT_RETURN_TYPE = YES;
				HEADER_SEARCH_PATHS = (
					../../../../src/common/,
					../../../../src/external/,
					../../../../src/platform/mac/,
					../../source/,
				);
				MACOSX_DEPLOYMENT_TARGET = 10.7;
				SDKROOT = macosx;
			};
			name = Release;
		};
		1C16CA0D14CD6791006B4E65 /* Debug */ = {
			isa = XCBuildConfiguration;
			buildSettings = {
				GCC_PRECOMPILE_PREFIX_HEADER = YES;
				GCC_PREFIX_HEADER = modelconvertor/prefix.pch;
				GCC_PREPROCESSOR_DEFINITIONS = (
					"DEBUG=1",
					PIXELBOOST_PLATFORM_OSX,
					PIXELBOOST_DISABLE_BOX2D,
					PIXELBOOST_DISABLE_SOUND,
				);
				PRODUCT_NAME = modelconvertor;
			};
			name = Debug;
		};
		1C16CA0E14CD6791006B4E65 /* Release */ = {
			isa = XCBuildConfiguration;
			buildSettings = {
				GCC_PRECOMPILE_PREFIX_HEADER = YES;
				GCC_PREFIX_HEADER = modelconvertor/prefix.pch;
				GCC_PREPROCESSOR_DEFINITIONS = (
					PIXELBOOST_PLATFORM_OSX,
					PIXELBOOST_DISABLE_BOX2D,
					PIXELBOOST_DISABLE_SOUND,
				);
				PRODUCT_NAME = modelconvertor;
			};
			name = Release;
		};
/* End XCBuildConfiguration section */

/* Begin XCConfigurationList section */
		1C16C9FC14CD678F006B4E65 /* Build configuration list for PBXProject "modelconvertor" */ = {
			isa = XCConfigurationList;
			buildConfigurations = (
				1C16CA0A14CD6791006B4E65 /* Debug */,
				1C16CA0B14CD6791006B4E65 /* Release */,
			);
			defaultConfigurationIsVisible = 0;
			defaultConfigurationName = Release;
		};
		1C16CA0C14CD6791006B4E65 /* Build configuration list for PBXNativeTarget "modelconvertor" */ = {
			isa = XCConfigurationList;
			buildConfigurations = (
				1C16CA0D14CD6791006B4E65 /* Debug */,
				1C16CA0E14CD6791006B4E65 /* Release */,
			);
			defaultConfigurationIsVisible = 0;
			defaultConfigurationName = Release;
		};
/* End XCConfigurationList section */
	};
	rootObject = 1C16C9F914CD678F006B4E65 /* Project object */;
}
