// !$*UTF8*$!
{
	archiveVersion = 1;
	classes = {
	};
	objectVersion = 46;
	objects = {

/* Begin PBXBuildFile section */
		1C14BCD2148FA5D5001C38B8 /* CoreData.framework in Frameworks */ = {isa = PBXBuildFile; fileRef = 1C14BCD1148FA5D5001C38B8 /* CoreData.framework */; };
		1C14BCD4148FA5D5001C38B8 /* Foundation.framework in Frameworks */ = {isa = PBXBuildFile; fileRef = 1C14BCD3148FA5D5001C38B8 /* Foundation.framework */; };
		1C14BCD7148FA5D5001C38B8 /* main.mm in Sources */ = {isa = PBXBuildFile; fileRef = 1C14BCD6148FA5D5001C38B8 /* main.mm */; };
		1C14BDBB148FA759001C38B8 /* AppKit.framework in Frameworks */ = {isa = PBXBuildFile; fileRef = 1C14BDBA148FA759001C38B8 /* AppKit.framework */; };
		1C14BDBD148FA815001C38B8 /* OpenGL.framework in Frameworks */ = {isa = PBXBuildFile; fileRef = 1C14BDBC148FA815001C38B8 /* OpenGL.framework */; };
		1C14BE10148FAC68001C38B8 /* svgParser.cpp in Sources */ = {isa = PBXBuildFile; fileRef = 1C14BE0E148FAC68001C38B8 /* svgParser.cpp */; };
		1C9B249315E2EEB400898C3D /* libpixelboost_osx.a in Frameworks */ = {isa = PBXBuildFile; fileRef = 1C897E2A15DEE82500AB3196 /* libpixelboost_osx.a */; };
/* End PBXBuildFile section */

/* Begin PBXContainerItemProxy section */
		1C897E2715DEE82500AB3196 /* PBXContainerItemProxy */ = {
			isa = PBXContainerItemProxy;
			containerPortal = 1C897E1F15DEE82400AB3196 /* pixelboost.xcodeproj */;
			proxyType = 2;
			remoteGlobalIDString = 1C897C5F15DEA3D600AB3196;
			remoteInfo = pixelboost_ios;
		};
		1C897E2915DEE82500AB3196 /* PBXContainerItemProxy */ = {
			isa = PBXContainerItemProxy;
			containerPortal = 1C897E1F15DEE82400AB3196 /* pixelboost.xcodeproj */;
			proxyType = 2;
			remoteGlobalIDString = 1C897D8615DEA3E500AB3196;
			remoteInfo = pixelboost_osx;
		};
/* End PBXContainerItemProxy section */

/* Begin PBXCopyFilesBuildPhase section */
		1C14BCCB148FA5D5001C38B8 /* CopyFiles */ = {
			isa = PBXCopyFilesBuildPhase;
			buildActionMask = 2147483647;
			dstPath = /usr/share/man/man1/;
			dstSubfolderSpec = 0;
			files = (
			);
			runOnlyForDeploymentPostprocessing = 1;
		};
/* End PBXCopyFilesBuildPhase section */

/* Begin PBXFileReference section */
		1C14BCCD148FA5D5001C38B8 /* svgparser */ = {isa = PBXFileReference; explicitFileType = "compiled.mach-o.executable"; includeInIndex = 0; path = svgparser; sourceTree = BUILT_PRODUCTS_DIR; };
		1C14BCD1148FA5D5001C38B8 /* CoreData.framework */ = {isa = PBXFileReference; lastKnownFileType = wrapper.framework; name = CoreData.framework; path = System/Library/Frameworks/CoreData.framework; sourceTree = SDKROOT; };
		1C14BCD3148FA5D5001C38B8 /* Foundation.framework */ = {isa = PBXFileReference; lastKnownFileType = wrapper.framework; name = Foundation.framework; path = System/Library/Frameworks/Foundation.framework; sourceTree = SDKROOT; };
		1C14BCD6148FA5D5001C38B8 /* main.mm */ = {isa = PBXFileReference; lastKnownFileType = sourcecode.cpp.objcpp; path = main.mm; sourceTree = "<group>"; };
		1C14BCD9148FA5D5001C38B8 /* svgparser-Prefix.pch */ = {isa = PBXFileReference; lastKnownFileType = sourcecode.c.h; path = "svgparser-Prefix.pch"; sourceTree = "<group>"; };
		1C14BDBA148FA759001C38B8 /* AppKit.framework */ = {isa = PBXFileReference; lastKnownFileType = wrapper.framework; name = AppKit.framework; path = System/Library/Frameworks/AppKit.framework; sourceTree = SDKROOT; };
		1C14BDBC148FA815001C38B8 /* OpenGL.framework */ = {isa = PBXFileReference; lastKnownFileType = wrapper.framework; name = OpenGL.framework; path = System/Library/Frameworks/OpenGL.framework; sourceTree = SDKROOT; };
		1C14BE0E148FAC68001C38B8 /* svgParser.cpp */ = {isa = PBXFileReference; fileEncoding = 4; lastKnownFileType = sourcecode.cpp.cpp; path = svgParser.cpp; sourceTree = "<group>"; };
		1C14BE0F148FAC68001C38B8 /* svgParser.h */ = {isa = PBXFileReference; fileEncoding = 4; lastKnownFileType = sourcecode.c.h; path = svgParser.h; sourceTree = "<group>"; };
		1C897E1F15DEE82400AB3196 /* pixelboost.xcodeproj */ = {isa = PBXFileReference; lastKnownFileType = "wrapper.pb-project"; name = pixelboost.xcodeproj; path = ../../../../osx_ios/pixelboost.xcodeproj; sourceTree = "<group>"; };
/* End PBXFileReference section */

/* Begin PBXFrameworksBuildPhase section */
		1C14BCCA148FA5D5001C38B8 /* Frameworks */ = {
			isa = PBXFrameworksBuildPhase;
			buildActionMask = 2147483647;
			files = (
				1C9B249315E2EEB400898C3D /* libpixelboost_osx.a in Frameworks */,
				1C14BDBB148FA759001C38B8 /* AppKit.framework in Frameworks */,
				1C14BCD2148FA5D5001C38B8 /* CoreData.framework in Frameworks */,
				1C14BCD4148FA5D5001C38B8 /* Foundation.framework in Frameworks */,
				1C14BDBD148FA815001C38B8 /* OpenGL.framework in Frameworks */,
			);
			runOnlyForDeploymentPostprocessing = 0;
		};
/* End PBXFrameworksBuildPhase section */

/* Begin PBXGroup section */
		1C14BCC2148FA5D5001C38B8 = {
			isa = PBXGroup;
			children = (
				1C897E1E15DEE7CA00AB3196 /* libs */,
				1C14BE0D148FAC68001C38B8 /* source */,
				1C14BCD5148FA5D5001C38B8 /* svgparser */,
				1C14BCD0148FA5D5001C38B8 /* Frameworks */,
				1C14BCCE148FA5D5001C38B8 /* Products */,
			);
			sourceTree = "<group>";
		};
		1C14BCCE148FA5D5001C38B8 /* Products */ = {
			isa = PBXGroup;
			children = (
				1C14BCCD148FA5D5001C38B8 /* svgparser */,
			);
			name = Products;
			sourceTree = "<group>";
		};
		1C14BCD0148FA5D5001C38B8 /* Frameworks */ = {
			isa = PBXGroup;
			children = (
				1C14BDBC148FA815001C38B8 /* OpenGL.framework */,
				1C14BDBA148FA759001C38B8 /* AppKit.framework */,
				1C14BCD1148FA5D5001C38B8 /* CoreData.framework */,
				1C14BCD3148FA5D5001C38B8 /* Foundation.framework */,
			);
			name = Frameworks;
			sourceTree = "<group>";
		};
		1C14BCD5148FA5D5001C38B8 /* svgparser */ = {
			isa = PBXGroup;
			children = (
				1C14BCD6148FA5D5001C38B8 /* main.mm */,
				1C14BCD8148FA5D5001C38B8 /* Supporting Files */,
			);
			path = svgparser;
			sourceTree = "<group>";
		};
		1C14BCD8148FA5D5001C38B8 /* Supporting Files */ = {
			isa = PBXGroup;
			children = (
				1C14BCD9148FA5D5001C38B8 /* svgparser-Prefix.pch */,
			);
			name = "Supporting Files";
			sourceTree = "<group>";
		};
		1C14BE0D148FAC68001C38B8 /* source */ = {
			isa = PBXGroup;
			children = (
				1C14BE0E148FAC68001C38B8 /* svgParser.cpp */,
				1C14BE0F148FAC68001C38B8 /* svgParser.h */,
			);
			name = source;
			path = ../../source;
			sourceTree = "<group>";
		};
		1C897E1E15DEE7CA00AB3196 /* libs */ = {
			isa = PBXGroup;
			children = (
				1C897E1F15DEE82400AB3196 /* pixelboost.xcodeproj */,
			);
			name = libs;
			sourceTree = "<group>";
		};
		1C897E2015DEE82400AB3196 /* Products */ = {
			isa = PBXGroup;
			children = (
				1C897E2815DEE82500AB3196 /* libpixelboost_ios.a */,
				1C897E2A15DEE82500AB3196 /* libpixelboost_osx.a */,
			);
			name = Products;
			sourceTree = "<group>";
		};
/* End PBXGroup section */

/* Begin PBXNativeTarget section */
		1C14BCCC148FA5D5001C38B8 /* svgparser */ = {
			isa = PBXNativeTarget;
			buildConfigurationList = 1C14BCE1148FA5D6001C38B8 /* Build configuration list for PBXNativeTarget "svgparser" */;
			buildPhases = (
				1C14BCC9148FA5D5001C38B8 /* Sources */,
				1C14BCCA148FA5D5001C38B8 /* Frameworks */,
				1C14BCCB148FA5D5001C38B8 /* CopyFiles */,
			);
			buildRules = (
			);
			dependencies = (
			);
			name = svgparser;
			productName = svgparser;
			productReference = 1C14BCCD148FA5D5001C38B8 /* svgparser */;
			productType = "com.apple.product-type.tool";
		};
/* End PBXNativeTarget section */

/* Begin PBXProject section */
		1C14BCC4148FA5D5001C38B8 /* Project object */ = {
			isa = PBXProject;
			attributes = {
				LastUpgradeCheck = 0420;
				ORGANIZATIONNAME = "Moshen Ltd";
			};
			buildConfigurationList = 1C14BCC7148FA5D5001C38B8 /* Build configuration list for PBXProject "svgparser" */;
			compatibilityVersion = "Xcode 3.2";
			developmentRegion = English;
			hasScannedForEncodings = 0;
			knownRegions = (
				en,
			);
			mainGroup = 1C14BCC2148FA5D5001C38B8;
			productRefGroup = 1C14BCCE148FA5D5001C38B8 /* Products */;
			projectDirPath = "";
			projectReferences = (
				{
					ProductGroup = 1C897E2015DEE82400AB3196 /* Products */;
					ProjectRef = 1C897E1F15DEE82400AB3196 /* pixelboost.xcodeproj */;
				},
			);
			projectRoot = "";
			targets = (
				1C14BCCC148FA5D5001C38B8 /* svgparser */,
			);
		};
/* End PBXProject section */

/* Begin PBXReferenceProxy section */
		1C897E2815DEE82500AB3196 /* libpixelboost_ios.a */ = {
			isa = PBXReferenceProxy;
			fileType = archive.ar;
			path = libpixelboost_ios.a;
			remoteRef = 1C897E2715DEE82500AB3196 /* PBXContainerItemProxy */;
			sourceTree = BUILT_PRODUCTS_DIR;
		};
		1C897E2A15DEE82500AB3196 /* libpixelboost_osx.a */ = {
			isa = PBXReferenceProxy;
			fileType = archive.ar;
			path = libpixelboost_osx.a;
			remoteRef = 1C897E2915DEE82500AB3196 /* PBXContainerItemProxy */;
			sourceTree = BUILT_PRODUCTS_DIR;
		};
/* End PBXReferenceProxy section */

/* Begin PBXSourcesBuildPhase section */
		1C14BCC9148FA5D5001C38B8 /* Sources */ = {
			isa = PBXSourcesBuildPhase;
			buildActionMask = 2147483647;
			files = (
				1C14BCD7148FA5D5001C38B8 /* main.mm in Sources */,
				1C14BE10148FAC68001C38B8 /* svgParser.cpp in Sources */,
			);
			runOnlyForDeploymentPostprocessing = 0;
		};
/* End PBXSourcesBuildPhase section */

/* Begin XCBuildConfiguration section */
		1C14BCDF148FA5D6001C38B8 /* Debug */ = {
			isa = XCBuildConfiguration;
			buildSettings = {
				ALWAYS_SEARCH_USER_PATHS = NO;
				ARCHS = "$(ARCHS_STANDARD_64_BIT)";
				COPY_PHASE_STRIP = NO;
				GCC_C_LANGUAGE_STANDARD = gnu99;
				GCC_DYNAMIC_NO_PIC = NO;
				GCC_ENABLE_OBJC_EXCEPTIONS = YES;
				GCC_ENABLE_OBJC_GC = required;
				GCC_OPTIMIZATION_LEVEL = 0;
				GCC_PREPROCESSOR_DEFINITIONS = (
					"DEBUG=1",
					"$(inherited)",
				);
				GCC_SYMBOLS_PRIVATE_EXTERN = NO;
				GCC_VERSION = com.apple.compilers.llvm.clang.1_0;
				GCC_WARN_64_TO_32_BIT_CONVERSION = YES;
				GCC_WARN_ABOUT_MISSING_PROTOTYPES = YES;
				GCC_WARN_ABOUT_RETURN_TYPE = YES;
				GCC_WARN_UNUSED_VARIABLE = YES;
				MACOSX_DEPLOYMENT_TARGET = 10.6;
				ONLY_ACTIVE_ARCH = YES;
				OTHER_CPLUSPLUSFLAGS = (
					"-DPIXELBOOST_DISABLE_BOX2D",
					"-DPIXELBOOST_PLATFORM_OSX",
					"$(OTHER_CFLAGS)",
				);
				SDKROOT = macosx;
				USER_HEADER_SEARCH_PATHS = "../../source ../../../../src/common ../../../../src/external ../../../../src/platform/mac";
			};
			name = Debug;
		};
		1C14BCE0148FA5D6001C38B8 /* Release */ = {
			isa = XCBuildConfiguration;
			buildSettings = {
				ALWAYS_SEARCH_USER_PATHS = NO;
				ARCHS = "$(ARCHS_STANDARD_64_BIT)";
				COPY_PHASE_STRIP = YES;
				DEBUG_INFORMATION_FORMAT = "dwarf-with-dsym";
				GCC_C_LANGUAGE_STANDARD = gnu99;
				GCC_ENABLE_OBJC_EXCEPTIONS = YES;
				GCC_ENABLE_OBJC_GC = required;
				GCC_VERSION = com.apple.compilers.llvm.clang.1_0;
				GCC_WARN_64_TO_32_BIT_CONVERSION = YES;
				GCC_WARN_ABOUT_MISSING_PROTOTYPES = YES;
				GCC_WARN_ABOUT_RETURN_TYPE = YES;
				GCC_WARN_UNUSED_VARIABLE = YES;
				MACOSX_DEPLOYMENT_TARGET = 10.6;
				OTHER_CPLUSPLUSFLAGS = (
					"-DPIXELBOOST_DISABLE_BOX2D",
					"-DPIXELBOOST_PLATFORM_OSX",
					"$(OTHER_CFLAGS)",
				);
				SDKROOT = macosx;
				USER_HEADER_SEARCH_PATHS = "../../source ../../../../src/common ../../../../src/external ../../../../src/platform/mac";
			};
			name = Release;
		};
		1C14BCE2148FA5D6001C38B8 /* Debug */ = {
			isa = XCBuildConfiguration;
			buildSettings = {
				GCC_PRECOMPILE_PREFIX_HEADER = YES;
				GCC_PREFIX_HEADER = "svgparser/svgparser-Prefix.pch";
				PRODUCT_NAME = "$(TARGET_NAME)";
			};
			name = Debug;
		};
		1C14BCE3148FA5D6001C38B8 /* Release */ = {
			isa = XCBuildConfiguration;
			buildSettings = {
				GCC_PRECOMPILE_PREFIX_HEADER = YES;
				GCC_PREFIX_HEADER = "svgparser/svgparser-Prefix.pch";
				PRODUCT_NAME = "$(TARGET_NAME)";
			};
			name = Release;
		};
/* End XCBuildConfiguration section */

/* Begin XCConfigurationList section */
		1C14BCC7148FA5D5001C38B8 /* Build configuration list for PBXProject "svgparser" */ = {
			isa = XCConfigurationList;
			buildConfigurations = (
				1C14BCDF148FA5D6001C38B8 /* Debug */,
				1C14BCE0148FA5D6001C38B8 /* Release */,
			);
			defaultConfigurationIsVisible = 0;
			defaultConfigurationName = Release;
		};
		1C14BCE1148FA5D6001C38B8 /* Build configuration list for PBXNativeTarget "svgparser" */ = {
			isa = XCConfigurationList;
			buildConfigurations = (
				1C14BCE2148FA5D6001C38B8 /* Debug */,
				1C14BCE3148FA5D6001C38B8 /* Release */,
			);
			defaultConfigurationIsVisible = 0;
			defaultConfigurationName = Release;
		};
/* End XCConfigurationList section */
	};
	rootObject = 1C14BCC4148FA5D5001C38B8 /* Project object */;
}
